{
  "nodes": {
    "nixpkgs": {
      "locked": {
        "lastModified": 1747514389,
        "narHash": "sha256-3eauG3r2RWOpKr5y9Yy8HGTo4buc/ATUMq9Tknn12Qg=",
        "owner": "NixOS",
        "repo": "nixpkgs",
        "rev": "ce3af7849d0b9fc3a548deadd7951f876d59ede9",
        "type": "github"
      },
      "original": {
        "id": "nixpkgs",
        "ref": "release-25.05",
        "type": "indirect"
      }
    },
    "root": {
      "inputs": {
        "nixpkgs": "nixpkgs"
      }
    }
  },
  "root": "root",
  "version": 7
}
